
Microsoft Visual Studio Solution File, Format Version 12.00
# Visual Studio Version 17
VisualStudioVersion = 17.7.34031.279
MinimumVisualStudioVersion = 10.0.40219.1
Project("{FAE04EC0-301F-11D3-BF4B-00C04F79EFBC}") = "Arrays2", "Arrays2.csproj", "{3C17B53E-F4A8-4CCC-9B53-2018E159E4BC}"
EndProject
Global
	GlobalSection(SolutionConfigurationPlatforms) = preSolution
		Debug|Any CPU = Debug|Any CPU
		Release|Any CPU = Release|Any CPU
	EndGlobalSection
	GlobalSection(ProjectConfigurationPlatforms) = postSolution
		{3C17B53E-F4A8-4CCC-9B53-2018E159E4BC}.Debug|Any CPU.ActiveCfg = Debug|Any CPU
		{3C17B53E-F4A8-4CCC-9B53-2018E159E4BC}.Debug|Any CPU.Build.0 = Debug|Any CPU
		{3C17B53E-F4A8-4CCC-9B53-2018E159E4BC}.Release|Any CPU.ActiveCfg = Release|Any CPU
		{3C17B53E-F4A8-4CCC-9B53-2018E159E4BC}.Release|Any CPU.Build.0 = Release|Any CPU
	EndGlobalSection
	GlobalSection(SolutionProperties) = preSolution
		HideSolutionNode = FALSE
	EndGlobalSection
	GlobalSection(ExtensibilityGlobals) = postSolution
		SolutionGuid = {89EE30F9-78C3-45A2-81ED-A22F1F5B691A}
	EndGlobalSection
EndGlobal
